
Microsoft Visual Studio Solution File, Format Version 12.00
# Visual Studio Version 17
VisualStudioVersion = 17.6.33829.357
MinimumVisualStudioVersion = 10.0.40219.1
Project("{FAE04EC0-301F-11D3-BF4B-00C04F79EFBC}") = "KafkaProducerDemo", "KafkaProducerDemo\KafkaProducerDemo.csproj", "{97CC6814-F5FD-4CA7-B06A-0B991A5626E6}"
EndProject
Global
	GlobalSection(SolutionConfigurationPlatforms) = preSolution
		Debug|Any CPU = Debug|Any CPU
		Release|Any CPU = Release|Any CPU
	EndGlobalSection
	GlobalSection(ProjectConfigurationPlatforms) = postSolution
		{97CC6814-F5FD-4CA7-B06A-0B991A5626E6}.Debug|Any CPU.ActiveCfg = Debug|Any CPU
		{97CC6814-F5FD-4CA7-B06A-0B991A5626E6}.Debug|Any CPU.Build.0 = Debug|Any CPU
		{97CC6814-F5FD-4CA7-B06A-0B991A5626E6}.Release|Any CPU.ActiveCfg = Release|Any CPU
		{97CC6814-F5FD-4CA7-B06A-0B991A5626E6}.Release|Any CPU.Build.0 = Release|Any CPU
	EndGlobalSection
	GlobalSection(SolutionProperties) = preSolution
		HideSolutionNode = FALSE
	EndGlobalSection
	GlobalSection(ExtensibilityGlobals) = postSolution
		SolutionGuid = {BD163534-8D3E-409D-94FC-899ABFF024E3}
	EndGlobalSection
EndGlobal
